
Microsoft Visual Studio Solution File, Format Version 12.00
# Visual Studio 14
VisualStudioVersion = 14.0.25420.1
MinimumVisualStudioVersion = 10.0.40219.1
Project("{FAE04EC0-301F-11D3-BF4B-00C04F79EFBC}") = "BBXamarin", "BBXamarin\BBXamarin\BBXamarin.csproj", "{5A97F2A6-436E-47C6-8D03-95DD60C046F1}"
EndProject
Project("{FAE04EC0-301F-11D3-BF4B-00C04F79EFBC}") = "BBXamarin.Droid", "BBXamarin\BBXamarin.Droid\BBXamarin.Droid.csproj", "{9D118DC7-A1DC-4062-8EEA-3FF25EE54506}"
EndProject
Project("{FAE04EC0-301F-11D3-BF4B-00C04F79EFBC}") = "BBXamarin.iOS", "BBXamarin\BBXamarin.iOS\BBXamarin.iOS.csproj", "{0BAF37FA-1F3C-4043-B10D-6E93DEAFD0E4}"
EndProject
Project("{FAE04EC0-301F-11D3-BF4B-00C04F79EFBC}") = "BBXamarin.UWP", "BBXamarin\BBXamarin.UWP\BBXamarin.UWP.csproj", "{046A1D31-768F-4A40-89D5-8DDBE71715FD}"
EndProject
Global
	GlobalSection(SolutionConfigurationPlatforms) = preSolution
		Ad-Hoc|Any CPU = Ad-Hoc|Any CPU
		Ad-Hoc|ARM = Ad-Hoc|ARM
		Ad-Hoc|iPhone = Ad-Hoc|iPhone
		Ad-Hoc|iPhoneSimulator = Ad-Hoc|iPhoneSimulator
		Ad-Hoc|x64 = Ad-Hoc|x64
		Ad-Hoc|x86 = Ad-Hoc|x86
		AppStore|Any CPU = AppStore|Any CPU
		AppStore|ARM = AppStore|ARM
		AppStore|iPhone = AppStore|iPhone
		AppStore|iPhoneSimulator = AppStore|iPhoneSimulator
		AppStore|x64 = AppStore|x64
		AppStore|x86 = AppStore|x86
		Debug|Any CPU = Debug|Any CPU
		Debug|ARM = Debug|ARM
		Debug|iPhone = Debug|iPhone
		Debug|iPhoneSimulator = Debug|iPhoneSimulator
		Debug|x64 = Debug|x64
		Debug|x86 = Debug|x86
		Release|Any CPU = Release|Any CPU
		Release|ARM = Release|ARM
		Release|iPhone = Release|iPhone
		Release|iPhoneSimulator = Release|iPhoneSimulator
		Release|x64 = Release|x64
		Release|x86 = Release|x86
	EndGlobalSection
	GlobalSection(ProjectConfigurationPlatforms) = postSolution
		{5A97F2A6-436E-47C6-8D03-95DD60C046F1}.Ad-Hoc|Any CPU.ActiveCfg = Release|Any CPU
		{5A97F2A6-436E-47C6-8D03-95DD60C046F1}.Ad-Hoc|Any CPU.Build.0 = Release|Any CPU
		{5A97F2A6-436E-47C6-8D03-95DD60C046F1}.Ad-Hoc|ARM.ActiveCfg = Release|Any CPU
		{5A97F2A6-436E-47C6-8D03-95DD60C046F1}.Ad-Hoc|ARM.Build.0 = Release|Any CPU
		{5A97F2A6-436E-47C6-8D03-95DD60C046F1}.Ad-Hoc|iPhone.ActiveCfg = Release|Any CPU
		{5A97F2A6-436E-47C6-8D03-95DD60C046F1}.Ad-Hoc|iPhone.Build.0 = Release|Any CPU
		{5A97F2A6-436E-47C6-8D03-95DD60C046F1}.Ad-Hoc|iPhoneSimulator.ActiveCfg = Release|Any CPU
		{5A97F2A6-436E-47C6-8D03-95DD60C046F1}.Ad-Hoc|iPhoneSimulator.Build.0 = Release|Any CPU
		{5A97F2A6-436E-47C6-8D03-95DD60C046F1}.Ad-Hoc|x64.ActiveCfg = Release|Any CPU
		{5A97F2A6-436E-47C6-8D03-95DD60C046F1}.Ad-Hoc|x64.Build.0 = Release|Any CPU
		{5A97F2A6-436E-47C6-8D03-95DD60C046F1}.Ad-Hoc|x86.ActiveCfg = Release|Any CPU
		{5A97F2A6-436E-47C6-8D03-95DD60C046F1}.Ad-Hoc|x86.Build.0 = Release|Any CPU
		{5A97F2A6-436E-47C6-8D03-95DD60C046F1}.AppStore|Any CPU.ActiveCfg = Release|Any CPU
		{5A97F2A6-436E-47C6-8D03-95DD60C046F1}.AppStore|Any CPU.Build.0 = Release|Any CPU
		{5A97F2A6-436E-47C6-8D03-95DD60C046F1}.AppStore|ARM.ActiveCfg = Release|Any CPU
		{5A97F2A6-436E-47C6-8D03-95DD60C046F1}.AppStore|ARM.Build.0 = Release|Any CPU
		{5A97F2A6-436E-47C6-8D03-95DD60C046F1}.AppStore|iPhone.ActiveCfg = Release|Any CPU
		{5A97F2A6-436E-47C6-8D03-95DD60C046F1}.AppStore|iPhone.Build.0 = Release|Any CPU
		{5A97F2A6-436E-47C6-8D03-95DD60C046F1}.AppStore|iPhoneSimulator.ActiveCfg = Release|Any CPU
		{5A97F2A6-436E-47C6-8D03-95DD60C046F1}.AppStore|iPhoneSimulator.Build.0 = Release|Any CPU
		{5A97F2A6-436E-47C6-8D03-95DD60C046F1}.AppStore|x64.ActiveCfg = Release|Any CPU
		{5A97F2A6-436E-47C6-8D03-95DD60C046F1}.AppStore|x64.Build.0 = Release|Any CPU
		{5A97F2A6-436E-47C6-8D03-95DD60C046F1}.AppStore|x86.ActiveCfg = Release|Any CPU
		{5A97F2A6-436E-47C6-8D03-95DD60C046F1}.AppStore|x86.Build.0 = Release|Any CPU
		{5A97F2A6-436E-47C6-8D03-95DD60C046F1}.Debug|Any CPU.ActiveCfg = Debug|Any CPU
		{5A97F2A6-436E-47C6-8D03-95DD60C046F1}.Debug|Any CPU.Build.0 = Debug|Any CPU
		{5A97F2A6-436E-47C6-8D03-95DD60C046F1}.Debug|ARM.ActiveCfg = Debug|Any CPU
		{5A97F2A6-436E-47C6-8D03-95DD60C046F1}.Debug|ARM.Build.0 = Debug|Any CPU
		{5A97F2A6-436E-47C6-8D03-95DD60C046F1}.Debug|iPhone.ActiveCfg = Debug|Any CPU
		{5A97F2A6-436E-47C6-8D03-95DD60C046F1}.Debug|iPhone.Build.0 = Debug|Any CPU
		{5A97F2A6-436E-47C6-8D03-95DD60C046F1}.Debug|iPhoneSimulator.ActiveCfg = Debug|Any CPU
		{5A97F2A6-436E-47C6-8D03-95DD60C046F1}.Debug|iPhoneSimulator.Build.0 = Debug|Any CPU
		{5A97F2A6-436E-47C6-8D03-95DD60C046F1}.Debug|x64.ActiveCfg = Debug|Any CPU
		{5A97F2A6-436E-47C6-8D03-95DD60C046F1}.Debug|x64.Build.0 = Debug|Any CPU
		{5A97F2A6-436E-47C6-8D03-95DD60C046F1}.Debug|x86.ActiveCfg = Debug|Any CPU
		{5A97F2A6-436E-47C6-8D03-95DD60C046F1}.Debug|x86.Build.0 = Debug|Any CPU
		{5A97F2A6-436E-47C6-8D03-95DD60C046F1}.Release|Any CPU.ActiveCfg = Release|Any CPU
		{5A97F2A6-436E-47C6-8D03-95DD60C046F1}.Release|Any CPU.Build.0 = Release|Any CPU
		{5A97F2A6-436E-47C6-8D03-95DD60C046F1}.Release|ARM.ActiveCfg = Release|Any CPU
		{5A97F2A6-436E-47C6-8D03-95DD60C046F1}.Release|ARM.Build.0 = Release|Any CPU
		{5A97F2A6-436E-47C6-8D03-95DD60C046F1}.Release|iPhone.ActiveCfg = Release|Any CPU
		{5A97F2A6-436E-47C6-8D03-95DD60C046F1}.Release|iPhone.Build.0 = Release|Any CPU
		{5A97F2A6-436E-47C6-8D03-95DD60C046F1}.Release|iPhoneSimulator.ActiveCfg = Release|Any CPU
		{5A97F2A6-436E-47C6-8D03-95DD60C046F1}.Release|iPhoneSimulator.Build.0 = Release|Any CPU
		{5A97F2A6-436E-47C6-8D03-95DD60C046F1}.Release|x64.ActiveCfg = Release|Any CPU
		{5A97F2A6-436E-47C6-8D03-95DD60C046F1}.Release|x64.Build.0 = Release|Any CPU
		{5A97F2A6-436E-47C6-8D03-95DD60C046F1}.Release|x86.ActiveCfg = Release|Any CPU
		{5A97F2A6-436E-47C6-8D03-95DD60C046F1}.Release|x86.Build.0 = Release|Any CPU
		{9D118DC7-A1DC-4062-8EEA-3FF25EE54506}.Ad-Hoc|Any CPU.ActiveCfg = Release|Any CPU
		{9D118DC7-A1DC-4062-8EEA-3FF25EE54506}.Ad-Hoc|Any CPU.Build.0 = Release|Any CPU
		{9D118DC7-A1DC-4062-8EEA-3FF25EE54506}.Ad-Hoc|Any CPU.Deploy.0 = Release|Any CPU
		{9D118DC7-A1DC-4062-8EEA-3FF25EE54506}.Ad-Hoc|ARM.ActiveCfg = Release|Any CPU
		{9D118DC7-A1DC-4062-8EEA-3FF25EE54506}.Ad-Hoc|ARM.Build.0 = Release|Any CPU
		{9D118DC7-A1DC-4062-8EEA-3FF25EE54506}.Ad-Hoc|ARM.Deploy.0 = Release|Any CPU
		{9D118DC7-A1DC-4062-8EEA-3FF25EE54506}.Ad-Hoc|iPhone.ActiveCfg = Release|Any CPU
		{9D118DC7-A1DC-4062-8EEA-3FF25EE54506}.Ad-Hoc|iPhone.Build.0 = Release|Any CPU
		{9D118DC7-A1DC-4062-8EEA-3FF25EE54506}.Ad-Hoc|iPhone.Deploy.0 = Release|Any CPU
		{9D118DC7-A1DC-4062-8EEA-3FF25EE54506}.Ad-Hoc|iPhoneSimulator.ActiveCfg = Release|Any CPU
		{9D118DC7-A1DC-4062-8EEA-3FF25EE54506}.Ad-Hoc|iPhoneSimulator.Build.0 = Release|Any CPU
		{9D118DC7-A1DC-4062-8EEA-3FF25EE54506}.Ad-Hoc|iPhoneSimulator.Deploy.0 = Release|Any CPU
		{9D118DC7-A1DC-4062-8EEA-3FF25EE54506}.Ad-Hoc|x64.ActiveCfg = Release|Any CPU
		{9D118DC7-A1DC-4062-8EEA-3FF25EE54506}.Ad-Hoc|x64.Build.0 = Release|Any CPU
		{9D118DC7-A1DC-4062-8EEA-3FF25EE54506}.Ad-Hoc|x64.Deploy.0 = Release|Any CPU
		{9D118DC7-A1DC-4062-8EEA-3FF25EE54506}.Ad-Hoc|x86.ActiveCfg = Release|Any CPU
		{9D118DC7-A1DC-4062-8EEA-3FF25EE54506}.Ad-Hoc|x86.Build.0 = Release|Any CPU
		{9D118DC7-A1DC-4062-8EEA-3FF25EE54506}.Ad-Hoc|x86.Deploy.0 = Release|Any CPU
		{9D118DC7-A1DC-4062-8EEA-3FF25EE54506}.AppStore|Any CPU.ActiveCfg = Release|Any CPU
		{9D118DC7-A1DC-4062-8EEA-3FF25EE54506}.AppStore|Any CPU.Build.0 = Release|Any CPU
		{9D118DC7-A1DC-4062-8EEA-3FF25EE54506}.AppStore|Any CPU.Deploy.0 = Release|Any CPU
		{9D118DC7-A1DC-4062-8EEA-3FF25EE54506}.AppStore|ARM.ActiveCfg = Release|Any CPU
		{9D118DC7-A1DC-4062-8EEA-3FF25EE54506}.AppStore|ARM.Build.0 = Release|Any CPU
		{9D118DC7-A1DC-4062-8EEA-3FF25EE54506}.AppStore|ARM.Deploy.0 = Release|Any CPU
		{9D118DC7-A1DC-4062-8EEA-3FF25EE54506}.AppStore|iPhone.ActiveCfg = Release|Any CPU
		{9D118DC7-A1DC-4062-8EEA-3FF25EE54506}.AppStore|iPhone.Build.0 = Release|Any CPU
		{9D118DC7-A1DC-4062-8EEA-3FF25EE54506}.AppStore|iPhone.Deploy.0 = Release|Any CPU
		{9D118DC7-A1DC-4062-8EEA-3FF25EE54506}.AppStore|iPhoneSimulator.ActiveCfg = Release|Any CPU
		{9D118DC7-A1DC-4062-8EEA-3FF25EE54506}.AppStore|iPhoneSimulator.Build.0 = Release|Any CPU
		{9D118DC7-A1DC-4062-8EEA-3FF25EE54506}.AppStore|iPhoneSimulator.Deploy.0 = Release|Any CPU
		{9D118DC7-A1DC-4062-8EEA-3FF25EE54506}.AppStore|x64.ActiveCfg = Release|Any CPU
		{9D118DC7-A1DC-4062-8EEA-3FF25EE54506}.AppStore|x64.Build.0 = Release|Any CPU
		{9D118DC7-A1DC-4062-8EEA-3FF25EE54506}.AppStore|x64.Deploy.0 = Release|Any CPU
		{9D118DC7-A1DC-4062-8EEA-3FF25EE54506}.AppStore|x86.ActiveCfg = Release|Any CPU
		{9D118DC7-A1DC-4062-8EEA-3FF25EE54506}.AppStore|x86.Build.0 = Release|Any CPU
		{9D118DC7-A1DC-4062-8EEA-3FF25EE54506}.AppStore|x86.Deploy.0 = Release|Any CPU
		{9D118DC7-A1DC-4062-8EEA-3FF25EE54506}.Debug|Any CPU.ActiveCfg = Debug|Any CPU
		{9D118DC7-A1DC-4062-8EEA-3FF25EE54506}.Debug|Any CPU.Build.0 = Debug|Any CPU
		{9D118DC7-A1DC-4062-8EEA-3FF25EE54506}.Debug|Any CPU.Deploy.0 = Debug|Any CPU
		{9D118DC7-A1DC-4062-8EEA-3FF25EE54506}.Debug|ARM.ActiveCfg = Debug|Any CPU
		{9D118DC7-A1DC-4062-8EEA-3FF25EE54506}.Debug|ARM.Build.0 = Debug|Any CPU
		{9D118DC7-A1DC-4062-8EEA-3FF25EE54506}.Debug|ARM.Deploy.0 = Debug|Any CPU
		{9D118DC7-A1DC-4062-8EEA-3FF25EE54506}.Debug|iPhone.ActiveCfg = Debug|Any CPU
		{9D118DC7-A1DC-4062-8EEA-3FF25EE54506}.Debug|iPhone.Build.0 = Debug|Any CPU
		{9D118DC7-A1DC-4062-8EEA-3FF25EE54506}.Debug|iPhone.Deploy.0 = Debug|Any CPU
		{9D118DC7-A1DC-4062-8EEA-3FF25EE54506}.Debug|iPhoneSimulator.ActiveCfg = Debug|Any CPU
		{9D118DC7-A1DC-4062-8EEA-3FF25EE54506}.Debug|iPhoneSimulator.Build.0 = Debug|Any CPU
		{9D118DC7-A1DC-4062-8EEA-3FF25EE54506}.Debug|iPhoneSimulator.Deploy.0 = Debug|Any CPU
		{9D118DC7-A1DC-4062-8EEA-3FF25EE54506}.Debug|x64.ActiveCfg = Debug|Any CPU
		{9D118DC7-A1DC-4062-8EEA-3FF25EE54506}.Debug|x64.Build.0 = Debug|Any CPU
		{9D118DC7-A1DC-4062-8EEA-3FF25EE54506}.Debug|x64.Deploy.0 = Debug|Any CPU
		{9D118DC7-A1DC-4062-8EEA-3FF25EE54506}.Debug|x86.ActiveCfg = Debug|Any CPU
		{9D118DC7-A1DC-4062-8EEA-3FF25EE54506}.Debug|x86.Build.0 = Debug|Any CPU
		{9D118DC7-A1DC-4062-8EEA-3FF25EE54506}.Debug|x86.Deploy.0 = Debug|Any CPU
		{9D118DC7-A1DC-4062-8EEA-3FF25EE54506}.Release|Any CPU.ActiveCfg = Release|Any CPU
		{9D118DC7-A1DC-4062-8EEA-3FF25EE54506}.Release|Any CPU.Build.0 = Release|Any CPU
		{9D118DC7-A1DC-4062-8EEA-3FF25EE54506}.Release|Any CPU.Deploy.0 = Release|Any CPU
		{9D118DC7-A1DC-4062-8EEA-3FF25EE54506}.Release|ARM.ActiveCfg = Release|Any CPU
		{9D118DC7-A1DC-4062-8EEA-3FF25EE54506}.Release|ARM.Build.0 = Release|Any CPU
		{9D118DC7-A1DC-4062-8EEA-3FF25EE54506}.Release|ARM.Deploy.0 = Release|Any CPU
		{9D118DC7-A1DC-4062-8EEA-3FF25EE54506}.Release|iPhone.ActiveCfg = Release|Any CPU
		{9D118DC7-A1DC-4062-8EEA-3FF25EE54506}.Release|iPhone.Build.0 = Release|Any CPU
		{9D118DC7-A1DC-4062-8EEA-3FF25EE54506}.Release|iPhone.Deploy.0 = Release|Any CPU
		{9D118DC7-A1DC-4062-8EEA-3FF25EE54506}.Release|iPhoneSimulator.ActiveCfg = Release|Any CPU
		{9D118DC7-A1DC-4062-8EEA-3FF25EE54506}.Release|iPhoneSimulator.Build.0 = Release|Any CPU
		{9D118DC7-A1DC-4062-8EEA-3FF25EE54506}.Release|iPhoneSimulator.Deploy.0 = Release|Any CPU
		{9D118DC7-A1DC-4062-8EEA-3FF25EE54506}.Release|x64.ActiveCfg = Release|Any CPU
		{9D118DC7-A1DC-4062-8EEA-3FF25EE54506}.Release|x64.Build.0 = Release|Any CPU
		{9D118DC7-A1DC-4062-8EEA-3FF25EE54506}.Release|x64.Deploy.0 = Release|Any CPU
		{9D118DC7-A1DC-4062-8EEA-3FF25EE54506}.Release|x86.ActiveCfg = Release|Any CPU
		{9D118DC7-A1DC-4062-8EEA-3FF25EE54506}.Release|x86.Build.0 = Release|Any CPU
		{9D118DC7-A1DC-4062-8EEA-3FF25EE54506}.Release|x86.Deploy.0 = Release|Any CPU
		{0BAF37FA-1F3C-4043-B10D-6E93DEAFD0E4}.Ad-Hoc|Any CPU.ActiveCfg = Ad-Hoc|iPhone
		{0BAF37FA-1F3C-4043-B10D-6E93DEAFD0E4}.Ad-Hoc|ARM.ActiveCfg = Ad-Hoc|iPhone
		{0BAF37FA-1F3C-4043-B10D-6E93DEAFD0E4}.Ad-Hoc|iPhone.ActiveCfg = Ad-Hoc|iPhone
		{0BAF37FA-1F3C-4043-B10D-6E93DEAFD0E4}.Ad-Hoc|iPhone.Build.0 = Ad-Hoc|iPhone
		{0BAF37FA-1F3C-4043-B10D-6E93DEAFD0E4}.Ad-Hoc|iPhoneSimulator.ActiveCfg = Ad-Hoc|iPhoneSimulator
		{0BAF37FA-1F3C-4043-B10D-6E93DEAFD0E4}.Ad-Hoc|iPhoneSimulator.Build.0 = Ad-Hoc|iPhoneSimulator
		{0BAF37FA-1F3C-4043-B10D-6E93DEAFD0E4}.Ad-Hoc|x64.ActiveCfg = Ad-Hoc|iPhone
		{0BAF37FA-1F3C-4043-B10D-6E93DEAFD0E4}.Ad-Hoc|x86.ActiveCfg = Ad-Hoc|iPhone
		{0BAF37FA-1F3C-4043-B10D-6E93DEAFD0E4}.AppStore|Any CPU.ActiveCfg = AppStore|iPhone
		{0BAF37FA-1F3C-4043-B10D-6E93DEAFD0E4}.AppStore|ARM.ActiveCfg = AppStore|iPhone
		{0BAF37FA-1F3C-4043-B10D-6E93DEAFD0E4}.AppStore|iPhone.ActiveCfg = AppStore|iPhone
		{0BAF37FA-1F3C-4043-B10D-6E93DEAFD0E4}.AppStore|iPhone.Build.0 = AppStore|iPhone
		{0BAF37FA-1F3C-4043-B10D-6E93DEAFD0E4}.AppStore|iPhoneSimulator.ActiveCfg = AppStore|iPhoneSimulator
		{0BAF37FA-1F3C-4043-B10D-6E93DEAFD0E4}.AppStore|iPhoneSimulator.Build.0 = AppStore|iPhoneSimulator
		{0BAF37FA-1F3C-4043-B10D-6E93DEAFD0E4}.AppStore|x64.ActiveCfg = AppStore|iPhone
		{0BAF37FA-1F3C-4043-B10D-6E93DEAFD0E4}.AppStore|x86.ActiveCfg = AppStore|iPhone
		{0BAF37FA-1F3C-4043-B10D-6E93DEAFD0E4}.Debug|Any CPU.ActiveCfg = Debug|iPhone
		{0BAF37FA-1F3C-4043-B10D-6E93DEAFD0E4}.Debug|ARM.ActiveCfg = Debug|iPhone
		{0BAF37FA-1F3C-4043-B10D-6E93DEAFD0E4}.Debug|iPhone.ActiveCfg = Debug|iPhone
		{0BAF37FA-1F3C-4043-B10D-6E93DEAFD0E4}.Debug|iPhone.Build.0 = Debug|iPhone
		{0BAF37FA-1F3C-4043-B10D-6E93DEAFD0E4}.Debug|iPhoneSimulator.ActiveCfg = Debug|iPhoneSimulator
		{0BAF37FA-1F3C-4043-B10D-6E93DEAFD0E4}.Debug|iPhoneSimulator.Build.0 = Debug|iPhoneSimulator
		{0BAF37FA-1F3C-4043-B10D-6E93DEAFD0E4}.Debug|x64.ActiveCfg = Debug|iPhone
		{0BAF37FA-1F3C-4043-B10D-6E93DEAFD0E4}.Debug|x86.ActiveCfg = Debug|iPhone
		{0BAF37FA-1F3C-4043-B10D-6E93DEAFD0E4}.Release|Any CPU.ActiveCfg = Release|iPhone
		{0BAF37FA-1F3C-4043-B10D-6E93DEAFD0E4}.Release|ARM.ActiveCfg = Release|iPhone
		{0BAF37FA-1F3C-4043-B10D-6E93DEAFD0E4}.Release|iPhone.ActiveCfg = Release|iPhone
		{0BAF37FA-1F3C-4043-B10D-6E93DEAFD0E4}.Release|iPhone.Build.0 = Release|iPhone
		{0BAF37FA-1F3C-4043-B10D-6E93DEAFD0E4}.Release|iPhoneSimulator.ActiveCfg = Release|iPhoneSimulator
		{0BAF37FA-1F3C-4043-B10D-6E93DEAFD0E4}.Release|iPhoneSimulator.Build.0 = Release|iPhoneSimulator
		{0BAF37FA-1F3C-4043-B10D-6E93DEAFD0E4}.Release|x64.ActiveCfg = Release|iPhone
		{0BAF37FA-1F3C-4043-B10D-6E93DEAFD0E4}.Release|x86.ActiveCfg = Release|iPhone
		{046A1D31-768F-4A40-89D5-8DDBE71715FD}.Ad-Hoc|Any CPU.ActiveCfg = Release|x86
		{046A1D31-768F-4A40-89D5-8DDBE71715FD}.Ad-Hoc|Any CPU.Build.0 = Release|x86
		{046A1D31-768F-4A40-89D5-8DDBE71715FD}.Ad-Hoc|Any CPU.Deploy.0 = Release|x86
		{046A1D31-768F-4A40-89D5-8DDBE71715FD}.Ad-Hoc|ARM.ActiveCfg = Release|ARM
		{046A1D31-768F-4A40-89D5-8DDBE71715FD}.Ad-Hoc|ARM.Build.0 = Release|ARM
		{046A1D31-768F-4A40-89D5-8DDBE71715FD}.Ad-Hoc|ARM.Deploy.0 = Release|ARM
		{046A1D31-768F-4A40-89D5-8DDBE71715FD}.Ad-Hoc|iPhone.ActiveCfg = Release|x86
		{046A1D31-768F-4A40-89D5-8DDBE71715FD}.Ad-Hoc|iPhone.Build.0 = Release|x86
		{046A1D31-768F-4A40-89D5-8DDBE71715FD}.Ad-Hoc|iPhone.Deploy.0 = Release|x86
		{046A1D31-768F-4A40-89D5-8DDBE71715FD}.Ad-Hoc|iPhoneSimulator.ActiveCfg = Release|x86
		{046A1D31-768F-4A40-89D5-8DDBE71715FD}.Ad-Hoc|iPhoneSimulator.Build.0 = Release|x86
		{046A1D31-768F-4A40-89D5-8DDBE71715FD}.Ad-Hoc|iPhoneSimulator.Deploy.0 = Release|x86
		{046A1D31-768F-4A40-89D5-8DDBE71715FD}.Ad-Hoc|x64.ActiveCfg = Release|x64
		{046A1D31-768F-4A40-89D5-8DDBE71715FD}.Ad-Hoc|x64.Build.0 = Release|x64
		{046A1D31-768F-4A40-89D5-8DDBE71715FD}.Ad-Hoc|x64.Deploy.0 = Release|x64
		{046A1D31-768F-4A40-89D5-8DDBE71715FD}.Ad-Hoc|x86.ActiveCfg = Release|x86
		{046A1D31-768F-4A40-89D5-8DDBE71715FD}.Ad-Hoc|x86.Build.0 = Release|x86
		{046A1D31-768F-4A40-89D5-8DDBE71715FD}.Ad-Hoc|x86.Deploy.0 = Release|x86
		{046A1D31-768F-4A40-89D5-8DDBE71715FD}.AppStore|Any CPU.ActiveCfg = Release|x86
		{046A1D31-768F-4A40-89D5-8DDBE71715FD}.AppStore|Any CPU.Build.0 = Release|x86
		{046A1D31-768F-4A40-89D5-8DDBE71715FD}.AppStore|Any CPU.Deploy.0 = Release|x86
		{046A1D31-768F-4A40-89D5-8DDBE71715FD}.AppStore|ARM.ActiveCfg = Release|ARM
		{046A1D31-768F-4A40-89D5-8DDBE71715FD}.AppStore|ARM.Build.0 = Release|ARM
		{046A1D31-768F-4A40-89D5-8DDBE71715FD}.AppStore|ARM.Deploy.0 = Release|ARM
		{046A1D31-768F-4A40-89D5-8DDBE71715FD}.AppStore|iPhone.ActiveCfg = Release|x86
		{046A1D31-768F-4A40-89D5-8DDBE71715FD}.AppStore|iPhone.Build.0 = Release|x86
		{046A1D31-768F-4A40-89D5-8DDBE71715FD}.AppStore|iPhone.Deploy.0 = Release|x86
		{046A1D31-768F-4A40-89D5-8DDBE71715FD}.AppStore|iPhoneSimulator.ActiveCfg = Release|x86
		{046A1D31-768F-4A40-89D5-8DDBE71715FD}.AppStore|iPhoneSimulator.Build.0 = Release|x86
		{046A1D31-768F-4A40-89D5-8DDBE71715FD}.AppStore|iPhoneSimulator.Deploy.0 = Release|x86
		{046A1D31-768F-4A40-89D5-8DDBE71715FD}.AppStore|x64.ActiveCfg = Release|x64
		{046A1D31-768F-4A40-89D5-8DDBE71715FD}.AppStore|x64.Build.0 = Release|x64
		{046A1D31-768F-4A40-89D5-8DDBE71715FD}.AppStore|x64.Deploy.0 = Release|x64
		{046A1D31-768F-4A40-89D5-8DDBE71715FD}.AppStore|x86.ActiveCfg = Release|x86
		{046A1D31-768F-4A40-89D5-8DDBE71715FD}.AppStore|x86.Build.0 = Release|x86
		{046A1D31-768F-4A40-89D5-8DDBE71715FD}.AppStore|x86.Deploy.0 = Release|x86
		{046A1D31-768F-4A40-89D5-8DDBE71715FD}.Debug|Any CPU.ActiveCfg = Debug|x86
		{046A1D31-768F-4A40-89D5-8DDBE71715FD}.Debug|ARM.ActiveCfg = Debug|ARM
		{046A1D31-768F-4A40-89D5-8DDBE71715FD}.Debug|ARM.Build.0 = Debug|ARM
		{046A1D31-768F-4A40-89D5-8DDBE71715FD}.Debug|ARM.Deploy.0 = Debug|ARM
		{046A1D31-768F-4A40-89D5-8DDBE71715FD}.Debug|iPhone.ActiveCfg = Debug|x86
		{046A1D31-768F-4A40-89D5-8DDBE71715FD}.Debug|iPhoneSimulator.ActiveCfg = Debug|x86
		{046A1D31-768F-4A40-89D5-8DDBE71715FD}.Debug|x64.ActiveCfg = Debug|x64
		{046A1D31-768F-4A40-89D5-8DDBE71715FD}.Debug|x64.Build.0 = Debug|x64
		{046A1D31-768F-4A40-89D5-8DDBE71715FD}.Debug|x64.Deploy.0 = Debug|x64
		{046A1D31-768F-4A40-89D5-8DDBE71715FD}.Debug|x86.ActiveCfg = Debug|x86
		{046A1D31-768F-4A40-89D5-8DDBE71715FD}.Debug|x86.Build.0 = Debug|x86
		{046A1D31-768F-4A40-89D5-8DDBE71715FD}.Debug|x86.Deploy.0 = Debug|x86
		{046A1D31-768F-4A40-89D5-8DDBE71715FD}.Release|Any CPU.ActiveCfg = Release|x86
		{046A1D31-768F-4A40-89D5-8DDBE71715FD}.Release|ARM.ActiveCfg = Release|ARM
		{046A1D31-768F-4A40-89D5-8DDBE71715FD}.Release|ARM.Build.0 = Release|ARM
		{046A1D31-768F-4A40-89D5-8DDBE71715FD}.Release|ARM.Deploy.0 = Release|ARM
		{046A1D31-768F-4A40-89D5-8DDBE71715FD}.Release|iPhone.ActiveCfg = Release|x86
		{046A1D31-768F-4A40-89D5-8DDBE71715FD}.Release|iPhoneSimulator.ActiveCfg = Release|x86
		{046A1D31-768F-4A40-89D5-8DDBE71715FD}.Release|x64.ActiveCfg = Release|x64
		{046A1D31-768F-4A40-89D5-8DDBE71715FD}.Release|x64.Build.0 = Release|x64
		{046A1D31-768F-4A40-89D5-8DDBE71715FD}.Release|x64.Deploy.0 = Release|x64
		{046A1D31-768F-4A40-89D5-8DDBE71715FD}.Release|x86.ActiveCfg = Release|x86
		{046A1D31-768F-4A40-89D5-8DDBE71715FD}.Release|x86.Build.0 = Release|x86
		{046A1D31-768F-4A40-89D5-8DDBE71715FD}.Release|x86.Deploy.0 = Release|x86
	EndGlobalSection
	GlobalSection(SolutionProperties) = preSolution
		HideSolutionNode = FALSE
	EndGlobalSection
EndGlobal
